
Microsoft Visual Studio Solution File, Format Version 12.00
# Visual Studio Version 17
VisualStudioVersion = 17.10.34928.147
MinimumVisualStudioVersion = 10.0.40219.1
Project("{FAE04EC0-301F-11D3-BF4B-00C04F79EFBC}") = "MagicVilla_dotnet06", "MagicVilla_dotnet06\MagicVilla_dotnet06.csproj", "{35D7516E-1726-45AA-A008-D95E70670EF7}"
EndProject
Project("{FAE04EC0-301F-11D3-BF4B-00C04F79EFBC}") = "MagicVilla_dotnet09", "MagicVilla_dotnet09\MagicVilla_dotnet09.csproj", "{5CA5EC15-5732-4586-A032-B526E009C3A0}"
EndProject
Global
	GlobalSection(SolutionConfigurationPlatforms) = preSolution
		Debug|Any CPU = Debug|Any CPU
		Release|Any CPU = Release|Any CPU
	EndGlobalSection
	GlobalSection(ProjectConfigurationPlatforms) = postSolution
		{35D7516E-1726-45AA-A008-D95E70670EF7}.Debug|Any CPU.ActiveCfg = Debug|Any CPU
		{35D7516E-1726-45AA-A008-D95E70670EF7}.Debug|Any CPU.Build.0 = Debug|Any CPU
		{35D7516E-1726-45AA-A008-D95E70670EF7}.Release|Any CPU.ActiveCfg = Release|Any CPU
		{35D7516E-1726-45AA-A008-D95E70670EF7}.Release|Any CPU.Build.0 = Release|Any CPU
		{5CA5EC15-5732-4586-A032-B526E009C3A0}.Debug|Any CPU.ActiveCfg = Debug|Any CPU
		{5CA5EC15-5732-4586-A032-B526E009C3A0}.Debug|Any CPU.Build.0 = Debug|Any CPU
		{5CA5EC15-5732-4586-A032-B526E009C3A0}.Release|Any CPU.ActiveCfg = Release|Any CPU
		{5CA5EC15-5732-4586-A032-B526E009C3A0}.Release|Any CPU.Build.0 = Release|Any CPU
	EndGlobalSection
	GlobalSection(SolutionProperties) = preSolution
		HideSolutionNode = FALSE
	EndGlobalSection
	GlobalSection(ExtensibilityGlobals) = postSolution
		SolutionGuid = {6EF7D7EA-3B65-4D94-8B95-6C93141350D6}
	EndGlobalSection
EndGlobal
